
Microsoft Visual Studio Solution File, Format Version 12.00
# Visual Studio Version 17
VisualStudioVersion = 17.5.33424.131
MinimumVisualStudioVersion = 10.0.40219.1
Project("{9A19103F-16F7-4668-BE54-9A1E7A4F7556}") = "Sailing.Domain", "Sailing.Domain\Sailing.Domain.csproj", "{328DD1AE-CE93-46F0-82EC-9F1A430E33ED}"
EndProject
Project("{FAE04EC0-301F-11D3-BF4B-00C04F79EFBC}") = "Sailing.Domain.Tests", "Sailing.Domain.Tests\Sailing.Domain.Tests.csproj", "{92E145C0-C21B-4908-9F83-832D896F9060}"
EndProject
Project("{2150E333-8FDC-42A3-9474-1A3956D46DE8}") = "Solution Items", "Solution Items", "{AF0F4B81-E714-4970-973B-766955718281}"
	ProjectSection(SolutionItems) = preProject
		.editorconfig = .editorconfig
	EndProjectSection
EndProject
Global
	GlobalSection(SolutionConfigurationPlatforms) = preSolution
		Debug|Any CPU = Debug|Any CPU
		Release|Any CPU = Release|Any CPU
	EndGlobalSection
	GlobalSection(ProjectConfigurationPlatforms) = postSolution
		{328DD1AE-CE93-46F0-82EC-9F1A430E33ED}.Debug|Any CPU.ActiveCfg = Debug|Any CPU
		{328DD1AE-CE93-46F0-82EC-9F1A430E33ED}.Debug|Any CPU.Build.0 = Debug|Any CPU
		{328DD1AE-CE93-46F0-82EC-9F1A430E33ED}.Release|Any CPU.ActiveCfg = Release|Any CPU
		{328DD1AE-CE93-46F0-82EC-9F1A430E33ED}.Release|Any CPU.Build.0 = Release|Any CPU
		{92E145C0-C21B-4908-9F83-832D896F9060}.Debug|Any CPU.ActiveCfg = Debug|Any CPU
		{92E145C0-C21B-4908-9F83-832D896F9060}.Debug|Any CPU.Build.0 = Debug|Any CPU
		{92E145C0-C21B-4908-9F83-832D896F9060}.Release|Any CPU.ActiveCfg = Release|Any CPU
		{92E145C0-C21B-4908-9F83-832D896F9060}.Release|Any CPU.Build.0 = Release|Any CPU
	EndGlobalSection
	GlobalSection(SolutionProperties) = preSolution
		HideSolutionNode = FALSE
	EndGlobalSection
	GlobalSection(ExtensibilityGlobals) = postSolution
		SolutionGuid = {6D4427A7-02AE-40D5-9D37-A0D58EB65F16}
	EndGlobalSection
EndGlobal
